
Microsoft Visual Studio Solution File, Format Version 12.00
# Visual Studio Version 16
VisualStudioVersion = 16.0.30511.13
MinimumVisualStudioVersion = 10.0.40219.1
Project("{FAE04EC0-301F-11D3-BF4B-00C04F79EFBC}") = "ch9", "ch9.csproj", "{CABC2517-FDF5-4B4C-ADD1-0D86E1B52A16}"
EndProject
Global
	GlobalSection(SolutionConfigurationPlatforms) = preSolution
		Debug|Any CPU = Debug|Any CPU
		Release|Any CPU = Release|Any CPU
	EndGlobalSection
	GlobalSection(ProjectConfigurationPlatforms) = postSolution
		{CABC2517-FDF5-4B4C-ADD1-0D86E1B52A16}.Debug|Any CPU.ActiveCfg = Debug|Any CPU
		{CABC2517-FDF5-4B4C-ADD1-0D86E1B52A16}.Debug|Any CPU.Build.0 = Debug|Any CPU
		{CABC2517-FDF5-4B4C-ADD1-0D86E1B52A16}.Release|Any CPU.ActiveCfg = Release|Any CPU
		{CABC2517-FDF5-4B4C-ADD1-0D86E1B52A16}.Release|Any CPU.Build.0 = Release|Any CPU
	EndGlobalSection
	GlobalSection(SolutionProperties) = preSolution
		HideSolutionNode = FALSE
	EndGlobalSection
	GlobalSection(ExtensibilityGlobals) = postSolution
		SolutionGuid = {A6069FD0-A739-482F-97A2-0EC46181747C}
	EndGlobalSection
EndGlobal
